// !$*UTF8*$!
{
	archiveVersion = 1;
	classes = {
	};
	objectVersion = 77;
	objects = {

/* Begin PBXBuildFile section */
		1B1C60382DDD05DC00D3790C /* TodayWeatherCell.swift in Sources */ = {isa = PBXBuildFile; fileRef = 1B1C60372DDD05DC00D3790C /* TodayWeatherCell.swift */; };
		1B1C603B2DDDD52700D3790C /* WeekWeatherCell.swift in Sources */ = {isa = PBXBuildFile; fileRef = 1B1C603A2DDDD52700D3790C /* WeekWeatherCell.swift */; };
		1B52BEB02DDBA5C70064F406 /* AppDelegate.swift in Sources */ = {isa = PBXBuildFile; fileRef = 1B52BEAF2DDBA5C70064F406 /* AppDelegate.swift */; };
		1B52BEB22DDBA5C70064F406 /* SceneDelegate.swift in Sources */ = {isa = PBXBuildFile; fileRef = 1B52BEB12DDBA5C70064F406 /* SceneDelegate.swift */; };
		1B52BEB42DDBA5C70064F406 /* ViewController.swift in Sources */ = {isa = PBXBuildFile; fileRef = 1B52BEB32DDBA5C70064F406 /* ViewController.swift */; };
		1B52BEB92DDBA5C90064F406 /* Assets.xcassets in Resources */ = {isa = PBXBuildFile; fileRef = 1B52BEB82DDBA5C90064F406 /* Assets.xcassets */; };
		1B52BEBC2DDBA5C90064F406 /* LaunchScreen.storyboard in Resources */ = {isa = PBXBuildFile; fileRef = 1B52BEBA2DDBA5C90064F406 /* LaunchScreen.storyboard */; };
		1B52BECC2DDBA9F30064F406 /* Alamofire in Frameworks */ = {isa = PBXBuildFile; productRef = 1B52BECB2DDBA9F30064F406 /* Alamofire */; };
		1B52BECF2DDBAB560064F406 /* SnapKit in Frameworks */ = {isa = PBXBuildFile; productRef = 1B52BECE2DDBAB560064F406 /* SnapKit */; };
		1B82BCCF2DDFC2A60030D3FB /* Kingfisher in Frameworks */ = {isa = PBXBuildFile; productRef = 1B82BCCE2DDFC2A60030D3FB /* Kingfisher */; };
		1B96F7612DDE659A00B0AED3 /* NetworkService.swift in Sources */ = {isa = PBXBuildFile; fileRef = 1B96F7602DDE659A00B0AED3 /* NetworkService.swift */; };
		1B96F7632DDE660C00B0AED3 /* Model.swift in Sources */ = {isa = PBXBuildFile; fileRef = 1B96F7622DDE660C00B0AED3 /* Model.swift */; };
		1BB6F9F02DDFA0B800481D74 /* String + Extension.swift in Sources */ = {isa = PBXBuildFile; fileRef = 1BB6F9EF2DDFA0B800481D74 /* String + Extension.swift */; };
/* End PBXBuildFile section */

/* Begin PBXFileReference section */
		1B1C60372DDD05DC00D3790C /* TodayWeatherCell.swift */ = {isa = PBXFileReference; lastKnownFileType = sourcecode.swift; path = TodayWeatherCell.swift; sourceTree = "<group>"; };
		1B1C603A2DDDD52700D3790C /* WeekWeatherCell.swift */ = {isa = PBXFileReference; lastKnownFileType = sourcecode.swift; path = WeekWeatherCell.swift; sourceTree = "<group>"; };
		1B52BEAC2DDBA5C70064F406 /* WeatherTest.app */ = {isa = PBXFileReference; explicitFileType = wrapper.application; includeInIndex = 0; path = WeatherTest.app; sourceTree = BUILT_PRODUCTS_DIR; };
		1B52BEAF2DDBA5C70064F406 /* AppDelegate.swift */ = {isa = PBXFileReference; lastKnownFileType = sourcecode.swift; path = AppDelegate.swift; sourceTree = "<group>"; };
		1B52BEB12DDBA5C70064F406 /* SceneDelegate.swift */ = {isa = PBXFileReference; lastKnownFileType = sourcecode.swift; path = SceneDelegate.swift; sourceTree = "<group>"; };
		1B52BEB32DDBA5C70064F406 /* ViewController.swift */ = {isa = PBXFileReference; lastKnownFileType = sourcecode.swift; path = ViewController.swift; sourceTree = "<group>"; };
		1B52BEB82DDBA5C90064F406 /* Assets.xcassets */ = {isa = PBXFileReference; lastKnownFileType = folder.assetcatalog; path = Assets.xcassets; sourceTree = "<group>"; };
		1B52BEBB2DDBA5C90064F406 /* Base */ = {isa = PBXFileReference; lastKnownFileType = file.storyboard; name = Base; path = Base.lproj/LaunchScreen.storyboard; sourceTree = "<group>"; };
		1B52BEBD2DDBA5C90064F406 /* Info.plist */ = {isa = PBXFileReference; lastKnownFileType = text.plist.xml; path = Info.plist; sourceTree = "<group>"; };
		1B96F7602DDE659A00B0AED3 /* NetworkService.swift */ = {isa = PBXFileReference; lastKnownFileType = sourcecode.swift; path = NetworkService.swift; sourceTree = "<group>"; };
		1B96F7622DDE660C00B0AED3 /* Model.swift */ = {isa = PBXFileReference; lastKnownFileType = sourcecode.swift; path = Model.swift; sourceTree = "<group>"; };
		1BB6F9EF2DDFA0B800481D74 /* String + Extension.swift */ = {isa = PBXFileReference; lastKnownFileType = sourcecode.swift; path = "String + Extension.swift"; sourceTree = "<group>"; };
/* End PBXFileReference section */

/* Begin PBXFrameworksBuildPhase section */
		1B52BEA92DDBA5C70064F406 /* Frameworks */ = {
			isa = PBXFrameworksBuildPhase;
			buildActionMask = 2147483647;
			files = (
				1B82BCCF2DDFC2A60030D3FB /* Kingfisher in Frameworks */,
				1B52BECC2DDBA9F30064F406 /* Alamofire in Frameworks */,
				1B52BECF2DDBAB560064F406 /* SnapKit in Frameworks */,
			);
			runOnlyForDeploymentPostprocessing = 0;
		};
/* End PBXFrameworksBuildPhase section */

/* Begin PBXGroup section */
		1B1C60362DDD001400D3790C /* Cell */ = {
			isa = PBXGroup;
			children = (
				1B1C60372DDD05DC00D3790C /* TodayWeatherCell.swift */,
				1B1C603A2DDDD52700D3790C /* WeekWeatherCell.swift */,
			);
			path = Cell;
			sourceTree = "<group>";
		};
		1B52BEA32DDBA5C70064F406 = {
			isa = PBXGroup;
			children = (
				1B52BEC62DDBA5F60064F406 /* WeatherTest */,
				1B52BEAD2DDBA5C70064F406 /* Products */,
			);
			sourceTree = "<group>";
		};
		1B52BEAD2DDBA5C70064F406 /* Products */ = {
			isa = PBXGroup;
			children = (
				1B52BEAC2DDBA5C70064F406 /* WeatherTest.app */,
			);
			name = Products;
			sourceTree = "<group>";
		};
		1B52BEC62DDBA5F60064F406 /* WeatherTest */ = {
			isa = PBXGroup;
			children = (
				1B52BEC72DDBA6180064F406 /* AppDelegate */,
				1B96F75F2DDE657A00B0AED3 /* NetworkService */,
				1BB6F9EE2DDFA0A000481D74 /* Extensions */,
				1B52BEC82DDBA62F0064F406 /* StartApplication */,
				1B52BEC92DDBA6420064F406 /* MainApplication */,
				1B52BEB82DDBA5C90064F406 /* Assets.xcassets */,
				1B52BEBD2DDBA5C90064F406 /* Info.plist */,
			);
			path = WeatherTest;
			sourceTree = "<group>";
		};
		1B52BEC72DDBA6180064F406 /* AppDelegate */ = {
			isa = PBXGroup;
			children = (
				1B52BEAF2DDBA5C70064F406 /* AppDelegate.swift */,
				1B52BEB12DDBA5C70064F406 /* SceneDelegate.swift */,
			);
			path = AppDelegate;
			sourceTree = "<group>";
		};
		1B52BEC82DDBA62F0064F406 /* StartApplication */ = {
			isa = PBXGroup;
			children = (
				1B52BEBA2DDBA5C90064F406 /* LaunchScreen.storyboard */,
			);
			path = StartApplication;
			sourceTree = "<group>";
		};
		1B52BEC92DDBA6420064F406 /* MainApplication */ = {
			isa = PBXGroup;
			children = (
				1B1C60362DDD001400D3790C /* Cell */,
				1B52BEB32DDBA5C70064F406 /* ViewController.swift */,
			);
			path = MainApplication;
			sourceTree = "<group>";
		};
		1B96F75F2DDE657A00B0AED3 /* NetworkService */ = {
			isa = PBXGroup;
			children = (
				1B96F7602DDE659A00B0AED3 /* NetworkService.swift */,
				1B96F7622DDE660C00B0AED3 /* Model.swift */,
			);
			path = NetworkService;
			sourceTree = "<group>";
		};
		1BB6F9EE2DDFA0A000481D74 /* Extensions */ = {
			isa = PBXGroup;
			children = (
				1BB6F9EF2DDFA0B800481D74 /* String + Extension.swift */,
			);
			path = Extensions;
			sourceTree = "<group>";
		};
/* End PBXGroup section */

/* Begin PBXNativeTarget section */
		1B52BEAB2DDBA5C70064F406 /* WeatherTest */ = {
			isa = PBXNativeTarget;
			buildConfigurationList = 1B52BEBF2DDBA5C90064F406 /* Build configuration list for PBXNativeTarget "WeatherTest" */;
			buildPhases = (
				1B52BEA82DDBA5C70064F406 /* Sources */,
				1B52BEA92DDBA5C70064F406 /* Frameworks */,
				1B52BEAA2DDBA5C70064F406 /* Resources */,
			);
			buildRules = (
			);
			dependencies = (
			);
			name = WeatherTest;
			packageProductDependencies = (
				1B52BECB2DDBA9F30064F406 /* Alamofire */,
				1B52BECE2DDBAB560064F406 /* SnapKit */,
				1B82BCCE2DDFC2A60030D3FB /* Kingfisher */,
			);
			productName = WeatherTest;
			productReference = 1B52BEAC2DDBA5C70064F406 /* WeatherTest.app */;
			productType = "com.apple.product-type.application";
		};
/* End PBXNativeTarget section */

/* Begin PBXProject section */
		1B52BEA42DDBA5C70064F406 /* Project object */ = {
			isa = PBXProject;
			attributes = {
				BuildIndependentTargetsInParallel = 1;
				LastSwiftUpdateCheck = 1610;
				LastUpgradeCheck = 1610;
				TargetAttributes = {
					1B52BEAB2DDBA5C70064F406 = {
						CreatedOnToolsVersion = 16.1;
					};
				};
			};
			buildConfigurationList = 1B52BEA72DDBA5C70064F406 /* Build configuration list for PBXProject "WeatherTest" */;
			developmentRegion = en;
			hasScannedForEncodings = 0;
			knownRegions = (
				en,
				Base,
			);
			mainGroup = 1B52BEA32DDBA5C70064F406;
			minimizedProjectReferenceProxies = 1;
			packageReferences = (
				1B52BECA2DDBA9F20064F406 /* XCRemoteSwiftPackageReference "Alamofire" */,
				1B52BECD2DDBAB560064F406 /* XCRemoteSwiftPackageReference "SnapKit" */,
				1B82BCCD2DDFC2A60030D3FB /* XCRemoteSwiftPackageReference "Kingfisher" */,
			);
			preferredProjectObjectVersion = 77;
			productRefGroup = 1B52BEAD2DDBA5C70064F406 /* Products */;
			projectDirPath = "";
			projectRoot = "";
			targets = (
				1B52BEAB2DDBA5C70064F406 /* WeatherTest */,
			);
		};
/* End PBXProject section */

/* Begin PBXResourcesBuildPhase section */
		1B52BEAA2DDBA5C70064F406 /* Resources */ = {
			isa = PBXResourcesBuildPhase;
			buildActionMask = 2147483647;
			files = (
				1B52BEBC2DDBA5C90064F406 /* LaunchScreen.storyboard in Resources */,
				1B52BEB92DDBA5C90064F406 /* Assets.xcassets in Resources */,
			);
			runOnlyForDeploymentPostprocessing = 0;
		};
/* End PBXResourcesBuildPhase section */

/* Begin PBXSourcesBuildPhase section */
		1B52BEA82DDBA5C70064F406 /* Sources */ = {
			isa = PBXSourcesBuildPhase;
			buildActionMask = 2147483647;
			files = (
				1B96F7632DDE660C00B0AED3 /* Model.swift in Sources */,
				1B52BEB42DDBA5C70064F406 /* ViewController.swift in Sources */,
				1BB6F9F02DDFA0B800481D74 /* String + Extension.swift in Sources */,
				1B52BEB02DDBA5C70064F406 /* AppDelegate.swift in Sources */,
				1B1C603B2DDDD52700D3790C /* WeekWeatherCell.swift in Sources */,
				1B1C60382DDD05DC00D3790C /* TodayWeatherCell.swift in Sources */,
				1B96F7612DDE659A00B0AED3 /* NetworkService.swift in Sources */,
				1B52BEB22DDBA5C70064F406 /* SceneDelegate.swift in Sources */,
			);
			runOnlyForDeploymentPostprocessing = 0;
		};
/* End PBXSourcesBuildPhase section */

/* Begin PBXVariantGroup section */
		1B52BEBA2DDBA5C90064F406 /* LaunchScreen.storyboard */ = {
			isa = PBXVariantGroup;
			children = (
				1B52BEBB2DDBA5C90064F406 /* Base */,
			);
			name = LaunchScreen.storyboard;
			sourceTree = "<group>";
		};
/* End PBXVariantGroup section */

/* Begin XCBuildConfiguration section */
		1B52BEC02DDBA5C90064F406 /* Debug */ = {
			isa = XCBuildConfiguration;
			buildSettings = {
				ASSETCATALOG_COMPILER_APPICON_NAME = AppIcon;
				ASSETCATALOG_COMPILER_GLOBAL_ACCENT_COLOR_NAME = AccentColor;
				CODE_SIGN_STYLE = Automatic;
				CURRENT_PROJECT_VERSION = 1;
				DEVELOPMENT_TEAM = YX6DWV484Z;
				GENERATE_INFOPLIST_FILE = YES;
				INFOPLIST_FILE = WeatherTest/Info.plist;
				INFOPLIST_KEY_UIApplicationSupportsIndirectInputEvents = YES;
				INFOPLIST_KEY_UILaunchStoryboardName = "";
				INFOPLIST_KEY_UISupportedInterfaceOrientations = UIInterfaceOrientationPortrait;
				IPHONEOS_DEPLOYMENT_TARGET = 17.0;
				LD_RUNPATH_SEARCH_PATHS = (
					"$(inherited)",
					"@executable_path/Frameworks",
				);
				MARKETING_VERSION = 1.0;
				PRODUCT_BUNDLE_IDENTIFIER = Personal.WeatherTest;
				PRODUCT_NAME = "$(TARGET_NAME)";
				SUPPORTED_PLATFORMS = "iphoneos iphonesimulator";
				SUPPORTS_MACCATALYST = NO;
				SUPPORTS_XR_DESIGNED_FOR_IPHONE_IPAD = NO;
				SWIFT_EMIT_LOC_STRINGS = YES;
				SWIFT_VERSION = 5.0;
				TARGETED_DEVICE_FAMILY = "1,2";
			};
			name = Debug;
		};
		1B52BEC12DDBA5C90064F406 /* Release */ = {
			isa = XCBuildConfiguration;
			buildSettings = {
				ASSETCATALOG_COMPILER_APPICON_NAME = AppIcon;
				ASSETCATALOG_COMPILER_GLOBAL_ACCENT_COLOR_NAME = AccentColor;
				CODE_SIGN_STYLE = Automatic;
				CURRENT_PROJECT_VERSION = 1;
				DEVELOPMENT_TEAM = YX6DWV484Z;
				GENERATE_INFOPLIST_FILE = YES;
				INFOPLIST_FILE = WeatherTest/Info.plist;
				INFOPLIST_KEY_UIApplicationSupportsIndirectInputEvents = YES;
				INFOPLIST_KEY_UILaunchStoryboardName = "";
				INFOPLIST_KEY_UISupportedInterfaceOrientations = UIInterfaceOrientationPortrait;
				IPHONEOS_DEPLOYMENT_TARGET = 17.0;
				LD_RUNPATH_SEARCH_PATHS = (
					"$(inherited)",
					"@executable_path/Frameworks",
				);
				MARKETING_VERSION = 1.0;
				PRODUCT_BUNDLE_IDENTIFIER = Personal.WeatherTest;
				PRODUCT_NAME = "$(TARGET_NAME)";
				SUPPORTED_PLATFORMS = "iphoneos iphonesimulator";
				SUPPORTS_MACCATALYST = NO;
				SUPPORTS_XR_DESIGNED_FOR_IPHONE_IPAD = NO;
				SWIFT_EMIT_LOC_STRINGS = YES;
				SWIFT_VERSION = 5.0;
				TARGETED_DEVICE_FAMILY = "1,2";
			};
			name = Release;
		};
		1B52BEC22DDBA5C90064F406 /* Debug */ = {
			isa = XCBuildConfiguration;
			buildSettings = {
				ALWAYS_SEARCH_USER_PATHS = NO;
				ASSETCATALOG_COMPILER_GENERATE_SWIFT_ASSET_SYMBOL_EXTENSIONS = YES;
				CLANG_ANALYZER_NONNULL = YES;
				CLANG_ANALYZER_NUMBER_OBJECT_CONVERSION = YES_AGGRESSIVE;
				CLANG_CXX_LANGUAGE_STANDARD = "gnu++20";
				CLANG_ENABLE_MODULES = YES;
				CLANG_ENABLE_OBJC_ARC = YES;
				CLANG_ENABLE_OBJC_WEAK = YES;
				CLANG_WARN_BLOCK_CAPTURE_AUTORELEASING = YES;
				CLANG_WARN_BOOL_CONVERSION = YES;
				CLANG_WARN_COMMA = YES;
				CLANG_WARN_CONSTANT_CONVERSION = YES;
				CLANG_WARN_DEPRECATED_OBJC_IMPLEMENTATIONS = YES;
				CLANG_WARN_DIRECT_OBJC_ISA_USAGE = YES_ERROR;
				CLANG_WARN_DOCUMENTATION_COMMENTS = YES;
				CLANG_WARN_EMPTY_BODY = YES;
				CLANG_WARN_ENUM_CONVERSION = YES;
				CLANG_WARN_INFINITE_RECURSION = YES;
				CLANG_WARN_INT_CONVERSION = YES;
				CLANG_WARN_NON_LITERAL_NULL_CONVERSION = YES;
				CLANG_WARN_OBJC_IMPLICIT_RETAIN_SELF = YES;
				CLANG_WARN_OBJC_LITERAL_CONVERSION = YES;
				CLANG_WARN_OBJC_ROOT_CLASS = YES_ERROR;
				CLANG_WARN_QUOTED_INCLUDE_IN_FRAMEWORK_HEADER = YES;
				CLANG_WARN_RANGE_LOOP_ANALYSIS = YES;
				CLANG_WARN_STRICT_PROTOTYPES = YES;
				CLANG_WARN_SUSPICIOUS_MOVE = YES;
				CLANG_WARN_UNGUARDED_AVAILABILITY = YES_AGGRESSIVE;
				CLANG_WARN_UNREACHABLE_CODE = YES;
				CLANG_WARN__DUPLICATE_METHOD_MATCH = YES;
				COPY_PHASE_STRIP = NO;
				DEBUG_INFORMATION_FORMAT = dwarf;
				ENABLE_STRICT_OBJC_MSGSEND = YES;
				ENABLE_TESTABILITY = YES;
				ENABLE_USER_SCRIPT_SANDBOXING = YES;
				GCC_C_LANGUAGE_STANDARD = gnu17;
				GCC_DYNAMIC_NO_PIC = NO;
				GCC_NO_COMMON_BLOCKS = YES;
				GCC_OPTIMIZATION_LEVEL = 0;
				GCC_PREPROCESSOR_DEFINITIONS = (
					"DEBUG=1",
					"$(inherited)",
				);
				GCC_WARN_64_TO_32_BIT_CONVERSION = YES;
				GCC_WARN_ABOUT_RETURN_TYPE = YES_ERROR;
				GCC_WARN_UNDECLARED_SELECTOR = YES;
				GCC_WARN_UNINITIALIZED_AUTOS = YES_AGGRESSIVE;
				GCC_WARN_UNUSED_FUNCTION = YES;
				GCC_WARN_UNUSED_VARIABLE = YES;
				IPHONEOS_DEPLOYMENT_TARGET = 18.1;
				LOCALIZATION_PREFERS_STRING_CATALOGS = YES;
				MTL_ENABLE_DEBUG_INFO = INCLUDE_SOURCE;
				MTL_FAST_MATH = YES;
				ONLY_ACTIVE_ARCH = YES;
				SDKROOT = iphoneos;
				SWIFT_ACTIVE_COMPILATION_CONDITIONS = "DEBUG $(inherited)";
				SWIFT_OPTIMIZATION_LEVEL = "-Onone";
			};
			name = Debug;
		};
		1B52BEC32DDBA5C90064F406 /* Release */ = {
			isa = XCBuildConfiguration;
			buildSettings = {
				ALWAYS_SEARCH_USER_PATHS = NO;
				ASSETCATALOG_COMPILER_GENERATE_SWIFT_ASSET_SYMBOL_EXTENSIONS = YES;
				CLANG_ANALYZER_NONNULL = YES;
				CLANG_ANALYZER_NUMBER_OBJECT_CONVERSION = YES_AGGRESSIVE;
				CLANG_CXX_LANGUAGE_STANDARD = "gnu++20";
				CLANG_ENABLE_MODULES = YES;
				CLANG_ENABLE_OBJC_ARC = YES;
				CLANG_ENABLE_OBJC_WEAK = YES;
				CLANG_WARN_BLOCK_CAPTURE_AUTORELEASING = YES;
				CLANG_WARN_BOOL_CONVERSION = YES;
				CLANG_WARN_COMMA = YES;
				CLANG_WARN_CONSTANT_CONVERSION = YES;
				CLANG_WARN_DEPRECATED_OBJC_IMPLEMENTATIONS = YES;
				CLANG_WARN_DIRECT_OBJC_ISA_USAGE = YES_ERROR;
				CLANG_WARN_DOCUMENTATION_COMMENTS = YES;
				CLANG_WARN_EMPTY_BODY = YES;
				CLANG_WARN_ENUM_CONVERSION = YES;
				CLANG_WARN_INFINITE_RECURSION = YES;
				CLANG_WARN_INT_CONVERSION = YES;
				CLANG_WARN_NON_LITERAL_NULL_CONVERSION = YES;
				CLANG_WARN_OBJC_IMPLICIT_RETAIN_SELF = YES;
				CLANG_WARN_OBJC_LITERAL_CONVERSION = YES;
				CLANG_WARN_OBJC_ROOT_CLASS = YES_ERROR;
				CLANG_WARN_QUOTED_INCLUDE_IN_FRAMEWORK_HEADER = YES;
				CLANG_WARN_RANGE_LOOP_ANALYSIS = YES;
				CLANG_WARN_STRICT_PROTOTYPES = YES;
				CLANG_WARN_SUSPICIOUS_MOVE = YES;
				CLANG_WARN_UNGUARDED_AVAILABILITY = YES_AGGRESSIVE;
				CLANG_WARN_UNREACHABLE_CODE = YES;
				CLANG_WARN__DUPLICATE_METHOD_MATCH = YES;
				COPY_PHASE_STRIP = NO;
				DEBUG_INFORMATION_FORMAT = "dwarf-with-dsym";
				ENABLE_NS_ASSERTIONS = NO;
				ENABLE_STRICT_OBJC_MSGSEND = YES;
				ENABLE_USER_SCRIPT_SANDBOXING = YES;
				GCC_C_LANGUAGE_STANDARD = gnu17;
				GCC_NO_COMMON_BLOCKS = YES;
				GCC_WARN_64_TO_32_BIT_CONVERSION = YES;
				GCC_WARN_ABOUT_RETURN_TYPE = YES_ERROR;
				GCC_WARN_UNDECLARED_SELECTOR = YES;
				GCC_WARN_UNINITIALIZED_AUTOS = YES_AGGRESSIVE;
				GCC_WARN_UNUSED_FUNCTION = YES;
				GCC_WARN_UNUSED_VARIABLE = YES;
				IPHONEOS_DEPLOYMENT_TARGET = 18.1;
				LOCALIZATION_PREFERS_STRING_CATALOGS = YES;
				MTL_ENABLE_DEBUG_INFO = NO;
				MTL_FAST_MATH = YES;
				SDKROOT = iphoneos;
				SWIFT_COMPILATION_MODE = wholemodule;
				VALIDATE_PRODUCT = YES;
			};
			name = Release;
		};
/* End XCBuildConfiguration section */

/* Begin XCConfigurationList section */
		1B52BEA72DDBA5C70064F406 /* Build configuration list for PBXProject "WeatherTest" */ = {
			isa = XCConfigurationList;
			buildConfigurations = (
				1B52BEC22DDBA5C90064F406 /* Debug */,
				1B52BEC32DDBA5C90064F406 /* Release */,
			);
			defaultConfigurationIsVisible = 0;
			defaultConfigurationName = Release;
		};
		1B52BEBF2DDBA5C90064F406 /* Build configuration list for PBXNativeTarget "WeatherTest" */ = {
			isa = XCConfigurationList;
			buildConfigurations = (
				1B52BEC02DDBA5C90064F406 /* Debug */,
				1B52BEC12DDBA5C90064F406 /* Release */,
			);
			defaultConfigurationIsVisible = 0;
			defaultConfigurationName = Release;
		};
/* End XCConfigurationList section */

/* Begin XCRemoteSwiftPackageReference section */
		1B52BECA2DDBA9F20064F406 /* XCRemoteSwiftPackageReference "Alamofire" */ = {
			isa = XCRemoteSwiftPackageReference;
			repositoryURL = "https://github.com/Alamofire/Alamofire";
			requirement = {
				kind = upToNextMajorVersion;
				minimumVersion = 5.10.2;
			};
		};
		1B52BECD2DDBAB560064F406 /* XCRemoteSwiftPackageReference "SnapKit" */ = {
			isa = XCRemoteSwiftPackageReference;
			repositoryURL = "https://github.com/SnapKit/SnapKit";
			requirement = {
				kind = upToNextMajorVersion;
				minimumVersion = 5.7.1;
			};
		};
		1B82BCCD2DDFC2A60030D3FB /* XCRemoteSwiftPackageReference "Kingfisher" */ = {
			isa = XCRemoteSwiftPackageReference;
			repositoryURL = "https://github.com/onevcat/Kingfisher";
			requirement = {
				kind = upToNextMajorVersion;
				minimumVersion = 8.3.2;
			};
		};
/* End XCRemoteSwiftPackageReference section */

/* Begin XCSwiftPackageProductDependency section */
		1B52BECB2DDBA9F30064F406 /* Alamofire */ = {
			isa = XCSwiftPackageProductDependency;
			package = 1B52BECA2DDBA9F20064F406 /* XCRemoteSwiftPackageReference "Alamofire" */;
			productName = Alamofire;
		};
		1B52BECE2DDBAB560064F406 /* SnapKit */ = {
			isa = XCSwiftPackageProductDependency;
			package = 1B52BECD2DDBAB560064F406 /* XCRemoteSwiftPackageReference "SnapKit" */;
			productName = SnapKit;
		};
		1B82BCCE2DDFC2A60030D3FB /* Kingfisher */ = {
			isa = XCSwiftPackageProductDependency;
			package = 1B82BCCD2DDFC2A60030D3FB /* XCRemoteSwiftPackageReference "Kingfisher" */;
			productName = Kingfisher;
		};
/* End XCSwiftPackageProductDependency section */
	};
	rootObject = 1B52BEA42DDBA5C70064F406 /* Project object */;
}
